
Microsoft Visual Studio Solution File, Format Version 12.00
# Visual Studio Version 16
VisualStudioVersion = 16.0.30320.27
MinimumVisualStudioVersion = 10.0.40219.1
Project("{FAE04EC0-301F-11D3-BF4B-00C04F79EFBC}") = "Bedrock", "Bedrock.csproj", "{53A69B45-6051-4FC0-83F1-90FD2CCD16EE}"
EndProject
Global
	GlobalSection(SolutionConfigurationPlatforms) = preSolution
		Debug|Any CPU = Debug|Any CPU
		Release|Any CPU = Release|Any CPU
	EndGlobalSection
	GlobalSection(ProjectConfigurationPlatforms) = postSolution
		{53A69B45-6051-4FC0-83F1-90FD2CCD16EE}.Debug|Any CPU.ActiveCfg = Debug|Any CPU
		{53A69B45-6051-4FC0-83F1-90FD2CCD16EE}.Debug|Any CPU.Build.0 = Debug|Any CPU
		{53A69B45-6051-4FC0-83F1-90FD2CCD16EE}.Release|Any CPU.ActiveCfg = Release|Any CPU
		{53A69B45-6051-4FC0-83F1-90FD2CCD16EE}.Release|Any CPU.Build.0 = Release|Any CPU
	EndGlobalSection
	GlobalSection(SolutionProperties) = preSolution
		HideSolutionNode = FALSE
	EndGlobalSection
	GlobalSection(ExtensibilityGlobals) = postSolution
		SolutionGuid = {405F5FF0-B5D0-4ECA-B8C0-54144CAC2194}
	EndGlobalSection
EndGlobal
